
Microsoft Visual Studio Solution File, Format Version 12.00
# Visual Studio Version 17
VisualStudioVersion = 17.14.37411.7
MinimumVisualStudioVersion = 10.0.40219.1
Project("{FAE04EC0-301F-11D3-BF4B-00C04F79EFBC}") = "Library.API", "Library.API\Library.API.csproj", "{8A65E69C-2B17-4FAD-B64A-76D1E71D7B58}"
EndProject
Project("{FAE04EC0-301F-11D3-BF4B-00C04F79EFBC}") = "Library.Domain", "Library.Domain\Library.Domain.csproj", "{0A4D6E84-AF98-4064-B15D-65E75F1D4ACE}"
EndProject
Project("{FAE04EC0-301F-11D3-BF4B-00C04F79EFBC}") = "Library.Tests", "Library.Tests\Library.Tests.csproj", "{25C63751-A5CD-4558-9966-98B3A8D45448}"
EndProject
Global
	GlobalSection(SolutionConfigurationPlatforms) = preSolution
		Debug|Any CPU = Debug|Any CPU
		Release|Any CPU = Release|Any CPU
	EndGlobalSection
	GlobalSection(ProjectConfigurationPlatforms) = postSolution
		{8A65E69C-2B17-4FAD-B64A-76D1E71D7B58}.Debug|Any CPU.ActiveCfg = Debug|Any CPU
		{8A65E69C-2B17-4FAD-B64A-76D1E71D7B58}.Debug|Any CPU.Build.0 = Debug|Any CPU
		{8A65E69C-2B17-4FAD-B64A-76D1E71D7B58}.Release|Any CPU.ActiveCfg = Release|Any CPU
		{8A65E69C-2B17-4FAD-B64A-76D1E71D7B58}.Release|Any CPU.Build.0 = Release|Any CPU
		{0A4D6E84-AF98-4064-B15D-65E75F1D4ACE}.Debug|Any CPU.ActiveCfg = Debug|Any CPU
		{0A4D6E84-AF98-4064-B15D-65E75F1D4ACE}.Debug|Any CPU.Build.0 = Debug|Any CPU
		{0A4D6E84-AF98-4064-B15D-65E75F1D4ACE}.Release|Any CPU.ActiveCfg = Release|Any CPU
		{0A4D6E84-AF98-4064-B15D-65E75F1D4ACE}.Release|Any CPU.Build.0 = Release|Any CPU
		{25C63751-A5CD-4558-9966-98B3A8D45448}.Debug|Any CPU.ActiveCfg = Debug|Any CPU
		{25C63751-A5CD-4558-9966-98B3A8D45448}.Debug|Any CPU.Build.0 = Debug|Any CPU
		{25C63751-A5CD-4558-9966-98B3A8D45448}.Release|Any CPU.ActiveCfg = Release|Any CPU
		{25C63751-A5CD-4558-9966-98B3A8D45448}.Release|Any CPU.Build.0 = Release|Any CPU
	EndGlobalSection
	GlobalSection(SolutionProperties) = preSolution
		HideSolutionNode = FALSE
	EndGlobalSection
	GlobalSection(ExtensibilityGlobals) = postSolution
		SolutionGuid = {6B29B660-BCB4-4BBC-8F08-3A2B6FB6BA26}
	EndGlobalSection
EndGlobal
